
Microsoft Visual Studio Solution File, Format Version 12.00
# Visual Studio Version 16
VisualStudioVersion = 16.0.30621.155
MinimumVisualStudioVersion = 10.0.40219.1
Project("{FAE04EC0-301F-11D3-BF4B-00C04F79EFBC}") = "Logistica", "Logistica\Logistica.csproj", "{9EAA4A48-FCAF-4D8E-B79D-A572BBB2D05E}"
EndProject
Global
	GlobalSection(SolutionConfigurationPlatforms) = preSolution
		Debug|Any CPU = Debug|Any CPU
		Release|Any CPU = Release|Any CPU
	EndGlobalSection
	GlobalSection(ProjectConfigurationPlatforms) = postSolution
		{9EAA4A48-FCAF-4D8E-B79D-A572BBB2D05E}.Debug|Any CPU.ActiveCfg = Debug|Any CPU
		{9EAA4A48-FCAF-4D8E-B79D-A572BBB2D05E}.Debug|Any CPU.Build.0 = Debug|Any CPU
		{9EAA4A48-FCAF-4D8E-B79D-A572BBB2D05E}.Release|Any CPU.ActiveCfg = Release|Any CPU
		{9EAA4A48-FCAF-4D8E-B79D-A572BBB2D05E}.Release|Any CPU.Build.0 = Release|Any CPU
	EndGlobalSection
	GlobalSection(SolutionProperties) = preSolution
		HideSolutionNode = FALSE
	EndGlobalSection
	GlobalSection(ExtensibilityGlobals) = postSolution
		SolutionGuid = {8F0431BE-3E08-4D3E-B8FD-D62D218127D0}
	EndGlobalSection
EndGlobal
